
Microsoft Visual Studio Solution File, Format Version 12.00
# Visual Studio Version 16
VisualStudioVersion = 16.0.31005.135
MinimumVisualStudioVersion = 10.0.40219.1
Project("{9A19103F-16F7-4668-BE54-9A1E7A4F7556}") = "TMS.DeskTop", "TMS.DeskTop\TMS.DeskTop.csproj", "{7A7B4944-03B5-4716-B7A2-3DE0E3C59375}"
EndProject
Project("{9A19103F-16F7-4668-BE54-9A1E7A4F7556}") = "TMS.Core", "TMS.Core\TMS.Core.csproj", "{FCC727C8-F919-4122-BB6A-1E6F4E475D81}"
	ProjectSection(ProjectDependencies) = postProject
		{173F79F0-9166-48B6-8808-4A456DCE3D03} = {173F79F0-9166-48B6-8808-4A456DCE3D03}
	EndProjectSection
EndProject
Project("{9A19103F-16F7-4668-BE54-9A1E7A4F7556}") = "Genm", "Genm\Genm.csproj", "{173F79F0-9166-48B6-8808-4A456DCE3D03}"
EndProject
Global
	GlobalSection(SolutionConfigurationPlatforms) = preSolution
		Debug|Any CPU = Debug|Any CPU
		Debug|x64 = Debug|x64
		Release|Any CPU = Release|Any CPU
		Release|x64 = Release|x64
	EndGlobalSection
	GlobalSection(ProjectConfigurationPlatforms) = postSolution
		{7A7B4944-03B5-4716-B7A2-3DE0E3C59375}.Debug|Any CPU.ActiveCfg = Debug|Any CPU
		{7A7B4944-03B5-4716-B7A2-3DE0E3C59375}.Debug|Any CPU.Build.0 = Debug|Any CPU
		{7A7B4944-03B5-4716-B7A2-3DE0E3C59375}.Debug|x64.ActiveCfg = Debug|x64
		{7A7B4944-03B5-4716-B7A2-3DE0E3C59375}.Debug|x64.Build.0 = Debug|x64
		{7A7B4944-03B5-4716-B7A2-3DE0E3C59375}.Release|Any CPU.ActiveCfg = Release|Any CPU
		{7A7B4944-03B5-4716-B7A2-3DE0E3C59375}.Release|Any CPU.Build.0 = Release|Any CPU
		{7A7B4944-03B5-4716-B7A2-3DE0E3C59375}.Release|x64.ActiveCfg = Release|x64
		{7A7B4944-03B5-4716-B7A2-3DE0E3C59375}.Release|x64.Build.0 = Release|x64
		{FCC727C8-F919-4122-BB6A-1E6F4E475D81}.Debug|Any CPU.ActiveCfg = Debug|Any CPU
		{FCC727C8-F919-4122-BB6A-1E6F4E475D81}.Debug|Any CPU.Build.0 = Debug|Any CPU
		{FCC727C8-F919-4122-BB6A-1E6F4E475D81}.Debug|x64.ActiveCfg = Debug|x64
		{FCC727C8-F919-4122-BB6A-1E6F4E475D81}.Debug|x64.Build.0 = Debug|x64
		{FCC727C8-F919-4122-BB6A-1E6F4E475D81}.Release|Any CPU.ActiveCfg = Release|Any CPU
		{FCC727C8-F919-4122-BB6A-1E6F4E475D81}.Release|Any CPU.Build.0 = Release|Any CPU
		{FCC727C8-F919-4122-BB6A-1E6F4E475D81}.Release|x64.ActiveCfg = Release|x64
		{FCC727C8-F919-4122-BB6A-1E6F4E475D81}.Release|x64.Build.0 = Release|x64
		{173F79F0-9166-48B6-8808-4A456DCE3D03}.Debug|Any CPU.ActiveCfg = Debug|Any CPU
		{173F79F0-9166-48B6-8808-4A456DCE3D03}.Debug|Any CPU.Build.0 = Debug|Any CPU
		{173F79F0-9166-48B6-8808-4A456DCE3D03}.Debug|x64.ActiveCfg = Debug|x64
		{173F79F0-9166-48B6-8808-4A456DCE3D03}.Debug|x64.Build.0 = Debug|x64
		{173F79F0-9166-48B6-8808-4A456DCE3D03}.Release|Any CPU.ActiveCfg = Release|Any CPU
		{173F79F0-9166-48B6-8808-4A456DCE3D03}.Release|Any CPU.Build.0 = Release|Any CPU
		{173F79F0-9166-48B6-8808-4A456DCE3D03}.Release|x64.ActiveCfg = Release|x64
		{173F79F0-9166-48B6-8808-4A456DCE3D03}.Release|x64.Build.0 = Release|x64
	EndGlobalSection
	GlobalSection(SolutionProperties) = preSolution
		HideSolutionNode = FALSE
	EndGlobalSection
	GlobalSection(ExtensibilityGlobals) = postSolution
		SolutionGuid = {38016A3C-9F6D-437B-A6C5-A8F26564812E}
	EndGlobalSection
EndGlobal
